
Microsoft Visual Studio Solution File, Format Version 12.00
# Visual Studio Version 17
VisualStudioVersion = 17.11.35222.181
MinimumVisualStudioVersion = 10.0.40219.1
Project("{8BC9CEB8-8B4A-11D0-8D11-00A0C91BC942}") = "LB_8.1rek", "LB_8.1rek.vcxproj", "{D2B4C728-E04C-4AB7-9E37-36D2D4E2EDB3}"
EndProject
Project("{8BC9CEB8-8B4A-11D0-8D11-00A0C91BC942}") = "UnitTest8.1rek", "..\UnitTest8.1rek\UnitTest8.1rek.vcxproj", "{D0AB2B43-4F55-4E85-8B1C-E7687EA37818}"
EndProject
Global
	GlobalSection(SolutionConfigurationPlatforms) = preSolution
		Debug|x64 = Debug|x64
		Debug|x86 = Debug|x86
		Release|x64 = Release|x64
		Release|x86 = Release|x86
	EndGlobalSection
	GlobalSection(ProjectConfigurationPlatforms) = postSolution
		{D2B4C728-E04C-4AB7-9E37-36D2D4E2EDB3}.Debug|x64.ActiveCfg = Debug|x64
		{D2B4C728-E04C-4AB7-9E37-36D2D4E2EDB3}.Debug|x64.Build.0 = Debug|x64
		{D2B4C728-E04C-4AB7-9E37-36D2D4E2EDB3}.Debug|x86.ActiveCfg = Debug|Win32
		{D2B4C728-E04C-4AB7-9E37-36D2D4E2EDB3}.Debug|x86.Build.0 = Debug|Win32
		{D2B4C728-E04C-4AB7-9E37-36D2D4E2EDB3}.Release|x64.ActiveCfg = Release|x64
		{D2B4C728-E04C-4AB7-9E37-36D2D4E2EDB3}.Release|x64.Build.0 = Release|x64
		{D2B4C728-E04C-4AB7-9E37-36D2D4E2EDB3}.Release|x86.ActiveCfg = Release|Win32
		{D2B4C728-E04C-4AB7-9E37-36D2D4E2EDB3}.Release|x86.Build.0 = Release|Win32
		{D0AB2B43-4F55-4E85-8B1C-E7687EA37818}.Debug|x64.ActiveCfg = Debug|x64
		{D0AB2B43-4F55-4E85-8B1C-E7687EA37818}.Debug|x64.Build.0 = Debug|x64
		{D0AB2B43-4F55-4E85-8B1C-E7687EA37818}.Debug|x86.ActiveCfg = Debug|Win32
		{D0AB2B43-4F55-4E85-8B1C-E7687EA37818}.Debug|x86.Build.0 = Debug|Win32
		{D0AB2B43-4F55-4E85-8B1C-E7687EA37818}.Release|x64.ActiveCfg = Release|x64
		{D0AB2B43-4F55-4E85-8B1C-E7687EA37818}.Release|x64.Build.0 = Release|x64
		{D0AB2B43-4F55-4E85-8B1C-E7687EA37818}.Release|x86.ActiveCfg = Release|Win32
		{D0AB2B43-4F55-4E85-8B1C-E7687EA37818}.Release|x86.Build.0 = Release|Win32
	EndGlobalSection
	GlobalSection(SolutionProperties) = preSolution
		HideSolutionNode = FALSE
	EndGlobalSection
	GlobalSection(ExtensibilityGlobals) = postSolution
		SolutionGuid = {3FC17B4B-7AE1-47D0-9814-E5DC49754DC7}
	EndGlobalSection
EndGlobal
